
Microsoft Visual Studio Solution File, Format Version 12.00
# Visual Studio Version 16
VisualStudioVersion = 16.0.31729.503
MinimumVisualStudioVersion = 10.0.40219.1
Project("{8BC9CEB8-8B4A-11D0-8D11-00A0C91BC942}") = "Astro", "Astro\Astro.vcxproj", "{F72103C6-C3A3-4676-927D-6D0252ACAB77}"
EndProject
Project("{8BC9CEB8-8B4A-11D0-8D11-00A0C91BC942}") = "2d", "2d\2d.vcxproj", "{05AEBEA6-A5CD-4ABB-87B4-0B1EE1203768}"
EndProject
Global
	GlobalSection(SolutionConfigurationPlatforms) = preSolution
		Debug|x64 = Debug|x64
		Release|x64 = Release|x64
	EndGlobalSection
	GlobalSection(ProjectConfigurationPlatforms) = postSolution
		{05AEBEA6-A5CD-4ABB-87B4-0B1EE1203768}.Debug|x64.ActiveCfg = Debug|x64
		{05AEBEA6-A5CD-4ABB-87B4-0B1EE1203768}.Debug|x64.Build.0 = Debug|x64
		{05AEBEA6-A5CD-4ABB-87B4-0B1EE1203768}.Release|x64.ActiveCfg = Release|x64
		{05AEBEA6-A5CD-4ABB-87B4-0B1EE1203768}.Release|x64.Build.0 = Release|x64
		{F72103C6-C3A3-4676-927D-6D0252ACAB77}.Debug|x64.ActiveCfg = Debug|x64
		{F72103C6-C3A3-4676-927D-6D0252ACAB77}.Debug|x64.Build.0 = Debug|x64
		{F72103C6-C3A3-4676-927D-6D0252ACAB77}.Release|x64.ActiveCfg = Release|x64
		{F72103C6-C3A3-4676-927D-6D0252ACAB77}.Release|x64.Build.0 = Release|x64
	EndGlobalSection
	GlobalSection(SolutionProperties) = preSolution
		HideSolutionNode = FALSE
	EndGlobalSection
	GlobalSection(ExtensibilityGlobals) = postSolution
		SolutionGuid = {81756A75-BB1A-4888-BF48-8F763AB88AC3}
	EndGlobalSection
EndGlobal
